{
  "nodes": {
    "firefox-addons": {
      "inputs": {
        "nixpkgs": [
          "nixpkgs"
        ]
      },
      "locked": {
        "dir": "pkgs/firefox-addons",
        "lastModified": 1749441800,
        "narHash": "sha256-bN4tccrmczfR4PUuepHpxNNmWG3cLZTFIt4BaD8YyvA=",
        "owner": "rycee",
        "repo": "nur-expressions",
        "rev": "fe13e6abfe72b39ad8381595c3c404849330c3cb",
        "type": "gitlab"
      },
      "original": {
        "dir": "pkgs/firefox-addons",
        "owner": "rycee",
        "repo": "nur-expressions",
        "type": "gitlab"
      }
    },
    "home-manager": {
      "inputs": {
        "nixpkgs": [
          "nixpkgs"
        ]
      },
      "locked": {
        "lastModified": 1749479111,
        "narHash": "sha256-0cn4NGnYR3n0m8FPrt+pW817Cedi4vwOw3SgJaTcdcg=",
        "owner": "nix-community",
        "repo": "home-manager",
        "rev": "35e1f5a7c29f2b05e8f53177f6b5c71108c5f4c3",
        "type": "github"
      },
      "original": {
        "owner": "nix-community",
        "repo": "home-manager",
        "type": "github"
      }
    },
    "nixos-hardware": {
      "locked": {
        "lastModified": 1749195551,
        "narHash": "sha256-W5GKQHgunda/OP9sbKENBZhMBDNu2QahoIPwnsF6CeM=",
        "owner": "NixOS",
        "repo": "nixos-hardware",
        "rev": "4602f7e1d3f197b3cb540d5accf5669121629628",
        "type": "github"
      },
      "original": {
        "owner": "NixOS",
        "ref": "master",
        "repo": "nixos-hardware",
        "type": "github"
      }
    },
    "nixpkgs": {
      "locked": {
        "lastModified": 1749285348,
        "narHash": "sha256-frdhQvPbmDYaScPFiCnfdh3B/Vh81Uuoo0w5TkWmmjU=",
        "owner": "nixos",
        "repo": "nixpkgs",
        "rev": "3e3afe5174c561dee0df6f2c2b2236990146329f",
        "type": "github"
      },
      "original": {
        "owner": "nixos",
        "ref": "nixos-unstable",
        "repo": "nixpkgs",
        "type": "github"
      }
    },
    "pkgs-docker-2750": {
      "locked": {
        "lastModified": 1737525964,
        "narHash": "sha256-3wFonKmNRWKq1himW9N3TllbeGIHFACI5vmLpk6moF8=",
        "owner": "NixOS",
        "repo": "nixpkgs",
        "rev": "5757bbb8bd7c0630a0cc4bb19c47e588db30b97c",
        "type": "github"
      },
      "original": {
        "owner": "NixOS",
        "repo": "nixpkgs",
        "rev": "5757bbb8bd7c0630a0cc4bb19c47e588db30b97c",
        "type": "github"
      }
    },
    "plymouth-theme-ycontre-glow": {
      "inputs": {
        "nixpkgs": [
          "nixpkgs"
        ]
      },
      "locked": {
        "lastModified": 1731939263,
        "narHash": "sha256-mLwLR5dEJTvtqJU/lvo9f8c3/xIFPOpXlPF3JsJtnHo=",
        "ref": "refs/heads/master",
        "rev": "702e7b014ef6cf748252e797724e4096bafcaafa",
        "revCount": 1,
        "type": "git",
        "url": "file:///home/tom/desktop/bordel/ycontre-glow"
      },
      "original": {
        "type": "git",
        "url": "file:///home/tom/desktop/bordel/ycontre-glow"
      }
    },
    "root": {
      "inputs": {
        "firefox-addons": "firefox-addons",
        "home-manager": "home-manager",
        "nixos-hardware": "nixos-hardware",
        "nixpkgs": "nixpkgs",
        "pkgs-docker-2750": "pkgs-docker-2750",
        "plymouth-theme-ycontre-glow": "plymouth-theme-ycontre-glow"
      }
    }
  },
  "root": "root",
  "version": 7
}
