{
  "nodes": {
    "catppuccin": {
      "inputs": {
        "nixpkgs": "nixpkgs"
      },
      "locked": {
        "lastModified": 1779910193,
        "narHash": "sha256-CQD/mtBC1VYQgTpKR6LhD+gPJ9S3neN6rBo/RYFWDgM=",
        "owner": "catppuccin",
        "repo": "nix",
        "rev": "c61cab9677ff7184891930a60bf8224aa81c3a31",
        "type": "github"
      },
      "original": {
        "owner": "catppuccin",
        "repo": "nix",
        "type": "github"
      }
    },
    "firefox-addons": {
      "inputs": {
        "nixpkgs": [
          "nixpkgs"
        ]
      },
      "locked": {
        "dir": "pkgs/firefox-addons",
        "lastModified": 1780027372,
        "narHash": "sha256-LQ3CUdVZoKQqWzS2eEpY0rp9bJuzqydNFJUiJ6De9r8=",
        "owner": "rycee",
        "repo": "nur-expressions",
        "rev": "ef18b76eabdf4f9b2ce8e99e78ce698923693300",
        "type": "gitlab"
      },
      "original": {
        "dir": "pkgs/firefox-addons",
        "owner": "rycee",
        "repo": "nur-expressions",
        "type": "gitlab"
      }
    },
    "home-manager": {
      "inputs": {
        "nixpkgs": [
          "nixpkgs"
        ]
      },
      "locked": {
        "lastModified": 1779969295,
        "narHash": "sha256-HwIJ3tOcwSMiV75L7KqJXciXR9UfT+d7rwOZMX7cTnA=",
        "owner": "nix-community",
        "repo": "home-manager",
        "rev": "61e2c9659324181e0f0ed911958c536333b1d4f6",
        "type": "github"
      },
      "original": {
        "owner": "nix-community",
        "ref": "master",
        "repo": "home-manager",
        "type": "github"
      }
    },
    "nixos-hardware": {
      "locked": {
        "lastModified": 1779826373,
        "narHash": "sha256-3sRzgLX86qV5NlhWUAufLmHwkyP03tmL3VdZIM13dEo=",
        "owner": "NixOS",
        "repo": "nixos-hardware",
        "rev": "ef4efb84766a166c906bd55759574676bf91267c",
        "type": "github"
      },
      "original": {
        "owner": "NixOS",
        "ref": "master",
        "repo": "nixos-hardware",
        "type": "github"
      }
    },
    "nixpkgs": {
      "locked": {
        "lastModified": 1779786838,
        "narHash": "sha256-QvQh/2CMKcrUTHd4jBHAwyRoEC4IXzs0SjMvx5xWY64=",
        "rev": "f44f7788c891fbe5542177df78374f8cdab10e8f",
        "type": "tarball",
        "url": "https://releases.nixos.org/nixpkgs/nixpkgs-26.11pre1005282.f44f7788c891/nixexprs.tar.xz"
      },
      "original": {
        "type": "tarball",
        "url": "https://channels.nixos.org/nixpkgs-unstable/nixexprs.tar.xz"
      }
    },
    "nixpkgs_2": {
      "locked": {
        "lastModified": 1780048764,
        "narHash": "sha256-KVfqVFKG3w6qnEELp9hc7W7xwA/LLFAJgXcisC4ome8=",
        "owner": "nixos",
        "repo": "nixpkgs",
        "rev": "4fca6fcd5eff299415dd8097e8032bb838306ba1",
        "type": "github"
      },
      "original": {
        "owner": "nixos",
        "ref": "master",
        "repo": "nixpkgs",
        "type": "github"
      }
    },
    "root": {
      "inputs": {
        "catppuccin": "catppuccin",
        "firefox-addons": "firefox-addons",
        "home-manager": "home-manager",
        "nixos-hardware": "nixos-hardware",
        "nixpkgs": "nixpkgs_2",
        "sops-nix": "sops-nix"
      }
    },
    "sops-nix": {
      "inputs": {
        "nixpkgs": [
          "nixpkgs"
        ]
      },
      "locked": {
        "lastModified": 1777944972,
        "narHash": "sha256-VfGRo1qTBKOe3s2gOv8LSoA6Fk19PvBlwQ1ECN0Evn8=",
        "owner": "Mic92",
        "repo": "sops-nix",
        "rev": "c591bf665727040c6cc5cb409079acb22dcce33c",
        "type": "github"
      },
      "original": {
        "owner": "Mic92",
        "repo": "sops-nix",
        "type": "github"
      }
    }
  },
  "root": "root",
  "version": 7
}
